// !$*UTF8*$!
{
	archiveVersion = 1;
	classes = {
	};
	objectVersion = 46;
	objects = {

/* Begin PBXBuildFile section */
		244AE3A01E15EBA300150912 /* Card.swift in Sources */ = {isa = PBXBuildFile; fileRef = 244AE39E1E15EBA300150912 /* Card.swift */; };
		244AE3A11E15EBA300150912 /* Graphics.swift in Sources */ = {isa = PBXBuildFile; fileRef = 244AE39F1E15EBA300150912 /* Graphics.swift */; };
		244AE3A31E15EBF800150912 /* CardFigureView.swift in Sources */ = {isa = PBXBuildFile; fileRef = 244AE3A21E15EBF800150912 /* CardFigureView.swift */; };
		244AE3A51E15EC0F00150912 /* CardType.swift in Sources */ = {isa = PBXBuildFile; fileRef = 244AE3A41E15EC0F00150912 /* CardType.swift */; };
		244AE3AC1E17161800150912 /* MenuCardCollectionViewCell.swift in Sources */ = {isa = PBXBuildFile; fileRef = 244AE3AA1E17161800150912 /* MenuCardCollectionViewCell.swift */; };
		244AE3AD1E17161800150912 /* MenuCardCollectionViewCell.xib in Resources */ = {isa = PBXBuildFile; fileRef = 244AE3AB1E17161800150912 /* MenuCardCollectionViewCell.xib */; };
		244AE3AF1E171D4900150912 /* MenuCardCollectionViewDelegate.swift in Sources */ = {isa = PBXBuildFile; fileRef = 244AE3AE1E171D4900150912 /* MenuCardCollectionViewDelegate.swift */; };
		244AE3B11E17221F00150912 /* MenuCardCollectionDataSource.swift in Sources */ = {isa = PBXBuildFile; fileRef = 244AE3B01E17221F00150912 /* MenuCardCollectionDataSource.swift */; };
		24A22A051E1569E7006C7F7A /* AppDelegate.swift in Sources */ = {isa = PBXBuildFile; fileRef = 24A22A041E1569E7006C7F7A /* AppDelegate.swift */; };
		24A22A071E1569E7006C7F7A /* MainViewController.swift in Sources */ = {isa = PBXBuildFile; fileRef = 24A22A061E1569E7006C7F7A /* MainViewController.swift */; };
		24A22A0A1E1569E7006C7F7A /* Main.storyboard in Resources */ = {isa = PBXBuildFile; fileRef = 24A22A081E1569E7006C7F7A /* Main.storyboard */; };
		24A22A0C1E1569E7006C7F7A /* Assets.xcassets in Resources */ = {isa = PBXBuildFile; fileRef = 24A22A0B1E1569E7006C7F7A /* Assets.xcassets */; };
		24A22A0F1E1569E7006C7F7A /* LaunchScreen.storyboard in Resources */ = {isa = PBXBuildFile; fileRef = 24A22A0D1E1569E7006C7F7A /* LaunchScreen.storyboard */; };
/* End PBXBuildFile section */

/* Begin PBXFileReference section */
		244AE39E1E15EBA300150912 /* Card.swift */ = {isa = PBXFileReference; fileEncoding = 4; lastKnownFileType = sourcecode.swift; path = Card.swift; sourceTree = "<group>"; };
		244AE39F1E15EBA300150912 /* Graphics.swift */ = {isa = PBXFileReference; fileEncoding = 4; lastKnownFileType = sourcecode.swift; path = Graphics.swift; sourceTree = "<group>"; };
		244AE3A21E15EBF800150912 /* CardFigureView.swift */ = {isa = PBXFileReference; fileEncoding = 4; lastKnownFileType = sourcecode.swift; path = CardFigureView.swift; sourceTree = "<group>"; };
		244AE3A41E15EC0F00150912 /* CardType.swift */ = {isa = PBXFileReference; fileEncoding = 4; lastKnownFileType = sourcecode.swift; path = CardType.swift; sourceTree = "<group>"; };
		244AE3AA1E17161800150912 /* MenuCardCollectionViewCell.swift */ = {isa = PBXFileReference; fileEncoding = 4; lastKnownFileType = sourcecode.swift; path = MenuCardCollectionViewCell.swift; sourceTree = "<group>"; };
		244AE3AB1E17161800150912 /* MenuCardCollectionViewCell.xib */ = {isa = PBXFileReference; fileEncoding = 4; lastKnownFileType = file.xib; path = MenuCardCollectionViewCell.xib; sourceTree = "<group>"; };
		244AE3AE1E171D4900150912 /* MenuCardCollectionViewDelegate.swift */ = {isa = PBXFileReference; fileEncoding = 4; lastKnownFileType = sourcecode.swift; path = MenuCardCollectionViewDelegate.swift; sourceTree = "<group>"; };
		244AE3B01E17221F00150912 /* MenuCardCollectionDataSource.swift */ = {isa = PBXFileReference; fileEncoding = 4; lastKnownFileType = sourcecode.swift; path = MenuCardCollectionDataSource.swift; sourceTree = "<group>"; };
		24A22A011E1569E7006C7F7A /* FeedbackCards.app */ = {isa = PBXFileReference; explicitFileType = wrapper.application; includeInIndex = 0; path = FeedbackCards.app; sourceTree = BUILT_PRODUCTS_DIR; };
		24A22A041E1569E7006C7F7A /* AppDelegate.swift */ = {isa = PBXFileReference; lastKnownFileType = sourcecode.swift; path = AppDelegate.swift; sourceTree = "<group>"; };
		24A22A061E1569E7006C7F7A /* MainViewController.swift */ = {isa = PBXFileReference; lastKnownFileType = sourcecode.swift; path = MainViewController.swift; sourceTree = "<group>"; };
		24A22A091E1569E7006C7F7A /* Base */ = {isa = PBXFileReference; lastKnownFileType = file.storyboard; name = Base; path = Base.lproj/Main.storyboard; sourceTree = "<group>"; };
		24A22A0B1E1569E7006C7F7A /* Assets.xcassets */ = {isa = PBXFileReference; lastKnownFileType = folder.assetcatalog; path = Assets.xcassets; sourceTree = "<group>"; };
		24A22A0E1E1569E7006C7F7A /* Base */ = {isa = PBXFileReference; lastKnownFileType = file.storyboard; name = Base; path = Base.lproj/LaunchScreen.storyboard; sourceTree = "<group>"; };
		24A22A101E1569E7006C7F7A /* Info.plist */ = {isa = PBXFileReference; lastKnownFileType = text.plist.xml; path = Info.plist; sourceTree = "<group>"; };
/* End PBXFileReference section */

/* Begin PBXFrameworksBuildPhase section */
		24A229FE1E1569E7006C7F7A /* Frameworks */ = {
			isa = PBXFrameworksBuildPhase;
			buildActionMask = 2147483647;
			files = (
			);
			runOnlyForDeploymentPostprocessing = 0;
		};
/* End PBXFrameworksBuildPhase section */

/* Begin PBXGroup section */
		24A229F81E1569E7006C7F7A = {
			isa = PBXGroup;
			children = (
				24A22A031E1569E7006C7F7A /* FeedbackCards */,
				24A22A021E1569E7006C7F7A /* Products */,
			);
			sourceTree = "<group>";
		};
		24A22A021E1569E7006C7F7A /* Products */ = {
			isa = PBXGroup;
			children = (
				24A22A011E1569E7006C7F7A /* FeedbackCards.app */,
			);
			name = Products;
			sourceTree = "<group>";
		};
		24A22A031E1569E7006C7F7A /* FeedbackCards */ = {
			isa = PBXGroup;
			children = (
				24A22A041E1569E7006C7F7A /* AppDelegate.swift */,
				244AE39E1E15EBA300150912 /* Card.swift */,
				244AE3A41E15EC0F00150912 /* CardType.swift */,
				244AE3A21E15EBF800150912 /* CardFigureView.swift */,
				244AE39F1E15EBA300150912 /* Graphics.swift */,
				24A22A061E1569E7006C7F7A /* MainViewController.swift */,
				244AE3B01E17221F00150912 /* MenuCardCollectionDataSource.swift */,
				244AE3AE1E171D4900150912 /* MenuCardCollectionViewDelegate.swift */,
				244AE3AA1E17161800150912 /* MenuCardCollectionViewCell.swift */,
				244AE3AB1E17161800150912 /* MenuCardCollectionViewCell.xib */,
				24A22A081E1569E7006C7F7A /* Main.storyboard */,
				24A22A0B1E1569E7006C7F7A /* Assets.xcassets */,
				24A22A0D1E1569E7006C7F7A /* LaunchScreen.storyboard */,
				24A22A101E1569E7006C7F7A /* Info.plist */,
			);
			path = FeedbackCards;
			sourceTree = "<group>";
		};
/* End PBXGroup section */

/* Begin PBXNativeTarget section */
		24A22A001E1569E7006C7F7A /* FeedbackCards */ = {
			isa = PBXNativeTarget;
			buildConfigurationList = 24A22A131E1569E7006C7F7A /* Build configuration list for PBXNativeTarget "FeedbackCards" */;
			buildPhases = (
				24A229FD1E1569E7006C7F7A /* Sources */,
				24A229FE1E1569E7006C7F7A /* Frameworks */,
				24A229FF1E1569E7006C7F7A /* Resources */,
			);
			buildRules = (
			);
			dependencies = (
			);
			name = FeedbackCards;
			productName = FeedbackCards;
			productReference = 24A22A011E1569E7006C7F7A /* FeedbackCards.app */;
			productType = "com.apple.product-type.application";
		};
/* End PBXNativeTarget section */

/* Begin PBXProject section */
		24A229F91E1569E7006C7F7A /* Project object */ = {
			isa = PBXProject;
			attributes = {
				LastSwiftUpdateCheck = 0820;
				LastUpgradeCheck = 0820;
				ORGANIZATIONNAME = "Mayflower GmbH";
				TargetAttributes = {
					24A22A001E1569E7006C7F7A = {
						CreatedOnToolsVersion = 8.2.1;
						DevelopmentTeam = L79BTFY6FV;
						ProvisioningStyle = Automatic;
					};
				};
			};
			buildConfigurationList = 24A229FC1E1569E7006C7F7A /* Build configuration list for PBXProject "FeedbackCards" */;
			compatibilityVersion = "Xcode 3.2";
			developmentRegion = English;
			hasScannedForEncodings = 0;
			knownRegions = (
				en,
				Base,
			);
			mainGroup = 24A229F81E1569E7006C7F7A;
			productRefGroup = 24A22A021E1569E7006C7F7A /* Products */;
			projectDirPath = "";
			projectRoot = "";
			targets = (
				24A22A001E1569E7006C7F7A /* FeedbackCards */,
			);
		};
/* End PBXProject section */

/* Begin PBXResourcesBuildPhase section */
		24A229FF1E1569E7006C7F7A /* Resources */ = {
			isa = PBXResourcesBuildPhase;
			buildActionMask = 2147483647;
			files = (
				24A22A0F1E1569E7006C7F7A /* LaunchScreen.storyboard in Resources */,
				244AE3AD1E17161800150912 /* MenuCardCollectionViewCell.xib in Resources */,
				24A22A0C1E1569E7006C7F7A /* Assets.xcassets in Resources */,
				24A22A0A1E1569E7006C7F7A /* Main.storyboard in Resources */,
			);
			runOnlyForDeploymentPostprocessing = 0;
		};
/* End PBXResourcesBuildPhase section */

/* Begin PBXSourcesBuildPhase section */
		24A229FD1E1569E7006C7F7A /* Sources */ = {
			isa = PBXSourcesBuildPhase;
			buildActionMask = 2147483647;
			files = (
				24A22A071E1569E7006C7F7A /* MainViewController.swift in Sources */,
				244AE3A01E15EBA300150912 /* Card.swift in Sources */,
				244AE3A31E15EBF800150912 /* CardFigureView.swift in Sources */,
				244AE3A11E15EBA300150912 /* Graphics.swift in Sources */,
				244AE3AC1E17161800150912 /* MenuCardCollectionViewCell.swift in Sources */,
				24A22A051E1569E7006C7F7A /* AppDelegate.swift in Sources */,
				244AE3B11E17221F00150912 /* MenuCardCollectionDataSource.swift in Sources */,
				244AE3A51E15EC0F00150912 /* CardType.swift in Sources */,
				244AE3AF1E171D4900150912 /* MenuCardCollectionViewDelegate.swift in Sources */,
			);
			runOnlyForDeploymentPostprocessing = 0;
		};
/* End PBXSourcesBuildPhase section */

/* Begin PBXVariantGroup section */
		24A22A081E1569E7006C7F7A /* Main.storyboard */ = {
			isa = PBXVariantGroup;
			children = (
				24A22A091E1569E7006C7F7A /* Base */,
			);
			name = Main.storyboard;
			sourceTree = "<group>";
		};
		24A22A0D1E1569E7006C7F7A /* LaunchScreen.storyboard */ = {
			isa = PBXVariantGroup;
			children = (
				24A22A0E1E1569E7006C7F7A /* Base */,
			);
			name = LaunchScreen.storyboard;
			sourceTree = "<group>";
		};
/* End PBXVariantGroup section */

/* Begin XCBuildConfiguration section */
		24A22A111E1569E7006C7F7A /* Debug */ = {
			isa = XCBuildConfiguration;
			buildSettings = {
				ALWAYS_SEARCH_USER_PATHS = NO;
				CLANG_ANALYZER_NONNULL = YES;
				CLANG_CXX_LANGUAGE_STANDARD = "gnu++0x";
				CLANG_CXX_LIBRARY = "libc++";
				CLANG_ENABLE_MODULES = YES;
				CLANG_ENABLE_OBJC_ARC = YES;
				CLANG_WARN_BOOL_CONVERSION = YES;
				CLANG_WARN_CONSTANT_CONVERSION = YES;
				CLANG_WARN_DIRECT_OBJC_ISA_USAGE = YES_ERROR;
				CLANG_WARN_DOCUMENTATION_COMMENTS = YES;
				CLANG_WARN_EMPTY_BODY = YES;
				CLANG_WARN_ENUM_CONVERSION = YES;
				CLANG_WARN_INFINITE_RECURSION = YES;
				CLANG_WARN_INT_CONVERSION = YES;
				CLANG_WARN_OBJC_ROOT_CLASS = YES_ERROR;
				CLANG_WARN_SUSPICIOUS_MOVE = YES;
				CLANG_WARN_UNREACHABLE_CODE = YES;
				CLANG_WARN__DUPLICATE_METHOD_MATCH = YES;
				"CODE_SIGN_IDENTITY[sdk=iphoneos*]" = "iPhone Developer";
				COPY_PHASE_STRIP = NO;
				DEBUG_INFORMATION_FORMAT = dwarf;
				ENABLE_STRICT_OBJC_MSGSEND = YES;
				ENABLE_TESTABILITY = YES;
				GCC_C_LANGUAGE_STANDARD = gnu99;
				GCC_DYNAMIC_NO_PIC = NO;
				GCC_NO_COMMON_BLOCKS = YES;
				GCC_OPTIMIZATION_LEVEL = 0;
				GCC_PREPROCESSOR_DEFINITIONS = (
					"DEBUG=1",
					"$(inherited)",
				);
				GCC_WARN_64_TO_32_BIT_CONVERSION = YES;
				GCC_WARN_ABOUT_RETURN_TYPE = YES_ERROR;
				GCC_WARN_UNDECLARED_SELECTOR = YES;
				GCC_WARN_UNINITIALIZED_AUTOS = YES_AGGRESSIVE;
				GCC_WARN_UNUSED_FUNCTION = YES;
				GCC_WARN_UNUSED_VARIABLE = YES;
				IPHONEOS_DEPLOYMENT_TARGET = 9.0;
				MTL_ENABLE_DEBUG_INFO = YES;
				ONLY_ACTIVE_ARCH = YES;
				SDKROOT = iphoneos;
				SWIFT_ACTIVE_COMPILATION_CONDITIONS = DEBUG;
				SWIFT_OPTIMIZATION_LEVEL = "-Onone";
				TARGETED_DEVICE_FAMILY = "1,2";
			};
			name = Debug;
		};
		24A22A121E1569E7006C7F7A /* Release */ = {
			isa = XCBuildConfiguration;
			buildSettings = {
				ALWAYS_SEARCH_USER_PATHS = NO;
				CLANG_ANALYZER_NONNULL = YES;
				CLANG_CXX_LANGUAGE_STANDARD = "gnu++0x";
				CLANG_CXX_LIBRARY = "libc++";
				CLANG_ENABLE_MODULES = YES;
				CLANG_ENABLE_OBJC_ARC = YES;
				CLANG_WARN_BOOL_CONVERSION = YES;
				CLANG_WARN_CONSTANT_CONVERSION = YES;
				CLANG_WARN_DIRECT_OBJC_ISA_USAGE = YES_ERROR;
				CLANG_WARN_DOCUMENTATION_COMMENTS = YES;
				CLANG_WARN_EMPTY_BODY = YES;
				CLANG_WARN_ENUM_CONVERSION = YES;
				CLANG_WARN_INFINITE_RECURSION = YES;
				CLANG_WARN_INT_CONVERSION = YES;
				CLANG_WARN_OBJC_ROOT_CLASS = YES_ERROR;
				CLANG_WARN_SUSPICIOUS_MOVE = YES;
				CLANG_WARN_UNREACHABLE_CODE = YES;
				CLANG_WARN__DUPLICATE_METHOD_MATCH = YES;
				"CODE_SIGN_IDENTITY[sdk=iphoneos*]" = "iPhone Developer";
				COPY_PHASE_STRIP = NO;
				DEBUG_INFORMATION_FORMAT = "dwarf-with-dsym";
				ENABLE_NS_ASSERTIONS = NO;
				ENABLE_STRICT_OBJC_MSGSEND = YES;
				GCC_C_LANGUAGE_STANDARD = gnu99;
				GCC_NO_COMMON_BLOCKS = YES;
				GCC_WARN_64_TO_32_BIT_CONVERSION = YES;
				GCC_WARN_ABOUT_RETURN_TYPE = YES_ERROR;
				GCC_WARN_UNDECLARED_SELECTOR = YES;
				GCC_WARN_UNINITIALIZED_AUTOS = YES_AGGRESSIVE;
				GCC_WARN_UNUSED_FUNCTION = YES;
				GCC_WARN_UNUSED_VARIABLE = YES;
				IPHONEOS_DEPLOYMENT_TARGET = 9.0;
				MTL_ENABLE_DEBUG_INFO = NO;
				SDKROOT = iphoneos;
				SWIFT_OPTIMIZATION_LEVEL = "-Owholemodule";
				TARGETED_DEVICE_FAMILY = "1,2";
				VALIDATE_PRODUCT = YES;
			};
			name = Release;
		};
		24A22A141E1569E7006C7F7A /* Debug */ = {
			isa = XCBuildConfiguration;
			buildSettings = {
				ASSETCATALOG_COMPILER_APPICON_NAME = AppIcon;
				DEVELOPMENT_TEAM = L79BTFY6FV;
				INFOPLIST_FILE = FeedbackCards/Info.plist;
				IPHONEOS_DEPLOYMENT_TARGET = 9.0;
				LD_RUNPATH_SEARCH_PATHS = "$(inherited) @executable_path/Frameworks";
				PRODUCT_BUNDLE_IDENTIFIER = de.mayflower.jo.FeedbackCards;
				PRODUCT_NAME = "$(TARGET_NAME)";
				SWIFT_VERSION = 3.0;
			};
			name = Debug;
		};
		24A22A151E1569E7006C7F7A /* Release */ = {
			isa = XCBuildConfiguration;
			buildSettings = {
				ASSETCATALOG_COMPILER_APPICON_NAME = AppIcon;
				DEVELOPMENT_TEAM = L79BTFY6FV;
				INFOPLIST_FILE = FeedbackCards/Info.plist;
				IPHONEOS_DEPLOYMENT_TARGET = 9.0;
				LD_RUNPATH_SEARCH_PATHS = "$(inherited) @executable_path/Frameworks";
				PRODUCT_BUNDLE_IDENTIFIER = de.mayflower.jo.FeedbackCards;
				PRODUCT_NAME = "$(TARGET_NAME)";
				SWIFT_VERSION = 3.0;
			};
			name = Release;
		};
/* End XCBuildConfiguration section */

/* Begin XCConfigurationList section */
		24A229FC1E1569E7006C7F7A /* Build configuration list for PBXProject "FeedbackCards" */ = {
			isa = XCConfigurationList;
			buildConfigurations = (
				24A22A111E1569E7006C7F7A /* Debug */,
				24A22A121E1569E7006C7F7A /* Release */,
			);
			defaultConfigurationIsVisible = 0;
			defaultConfigurationName = Release;
		};
		24A22A131E1569E7006C7F7A /* Build configuration list for PBXNativeTarget "FeedbackCards" */ = {
			isa = XCConfigurationList;
			buildConfigurations = (
				24A22A141E1569E7006C7F7A /* Debug */,
				24A22A151E1569E7006C7F7A /* Release */,
			);
			defaultConfigurationIsVisible = 0;
			defaultConfigurationName = Release;
		};
/* End XCConfigurationList section */
	};
	rootObject = 24A229F91E1569E7006C7F7A /* Project object */;
}
